{
	"name": "hubot-extension-scheduler",
	"version": "1.2.0",
	"lockfileVersion": 1,
	"requires": true,
	"dependencies": {
		"@mizuki_r/hubot-scheduler": {
			"version": "0.0.4",
			"resolved": "https://registry.npmjs.org/@mizuki_r/hubot-scheduler/-/hubot-scheduler-0.0.4.tgz",
			"integrity": "sha512-cilTVH1+e59zcdwcEL/biRVJlmVbIuxmbREc/YmpgfEEXOuKp0ZqexDCfGrvzoKYbiSTFnNtxQN2PAax3gUWzg==",
			"requires": {
				"date-holidays": "^1.2.0",
				"lodash": "^4.17.4",
				"node-schedule": "^1.3.0",
				"sinon": "^4.4.6"
			}
		},
		"@sinonjs/formatio": {
			"version": "2.0.0",
			"resolved": "http://registry.npmjs.org/@sinonjs/formatio/-/formatio-2.0.0.tgz",
			"integrity": "sha512-ls6CAMA6/5gG+O/IdsBcblvnd8qcO/l1TYoNeAzp3wcISOxlPXQEus0mLcdwazEkWjaBdaJ3TaxmNgCLWwvWzg==",
			"requires": {
				"samsam": "1.3.0"
			}
		},
		"@sinonjs/samsam": {
			"version": "2.1.0",
			"resolved": "https://registry.npmjs.org/@sinonjs/samsam/-/samsam-2.1.0.tgz",
			"integrity": "sha512-5x2kFgJYupaF1ns/RmharQ90lQkd2ELS8A9X0ymkAAdemYHGtI2KiUHG8nX2WU0T1qgnOU5YMqnBM2V7NUanNw==",
			"requires": {
				"array-from": "^2.1.1"
			}
		},
		"argparse": {
			"version": "1.0.10",
			"resolved": "https://registry.npmjs.org/argparse/-/argparse-1.0.10.tgz",
			"integrity": "sha512-o5Roy6tNG4SL/FOkCAN6RzjiakZS25RLYFrcMttJqbdd8BWrnA+fGz57iN5Pb06pvBGvl5gQ0B48dJlslXvoTg==",
			"requires": {
				"sprintf-js": "~1.0.2"
			}
		},
		"array-from": {
			"version": "2.1.1",
			"resolved": "https://registry.npmjs.org/array-from/-/array-from-2.1.1.tgz",
			"integrity": "sha1-z+nYwmYoudxa7MYqn12PHzUsEZU="
		},
		"astronomia": {
			"version": "2.0.1",
			"resolved": "https://registry.npmjs.org/astronomia/-/astronomia-2.0.1.tgz",
			"integrity": "sha512-BJK2jVBDHRyTKoqG98L1IGavFvrW3i2I1V+eZlHVzTD3BWam3menQiIGEWXDOG5jUztEhjLObqgspZdApcwOQA=="
		},
		"caldate": {
			"version": "1.0.2",
			"resolved": "https://registry.npmjs.org/caldate/-/caldate-1.0.2.tgz",
			"integrity": "sha512-vYtcQklv7HU8bZ92EwW41Q9Wp1KvWpLO9xRoT4e357ZSXx2x0udmGvJqsmdLxD6bVFJm2JeT7hsWz9jaVEzwRA==",
			"requires": {
				"moment-timezone": "^0.5.14"
			}
		},
		"cron-parser": {
			"version": "2.7.3",
			"resolved": "https://registry.npmjs.org/cron-parser/-/cron-parser-2.7.3.tgz",
			"integrity": "sha512-t9Kc7HWBWPndBzvbdQ1YG9rpPRB37Tb/tTviziUOh1qs3TARGh3b1p+tnkOHNe1K5iI3oheBPgLqwotMM7+lpg==",
			"requires": {
				"is-nan": "^1.2.1",
				"moment-timezone": "^0.5.23"
			}
		},
		"date-chinese": {
			"version": "1.0.5",
			"resolved": "https://registry.npmjs.org/date-chinese/-/date-chinese-1.0.5.tgz",
			"integrity": "sha512-yAZmgcYkqShcS/7gSpXYox385QSTPPIIPzSmXqX25phZLVWgROmWcI7i8E9E+kBxtfDocV30Qn8C7j4U5Z1brA==",
			"requires": {
				"astronomia": "^2.0.0"
			}
		},
		"date-easter": {
			"version": "0.2.3",
			"resolved": "https://registry.npmjs.org/date-easter/-/date-easter-0.2.3.tgz",
			"integrity": "sha512-p9ZVCgEyFM9pdFyGtRmMOaxyzGemP/ceGfi7Q0Z902inlaLMESHVK551aHKntgLCC+aXCN0xJHNJZyg599NtzQ=="
		},
		"date-holidays": {
			"version": "1.2.9",
			"resolved": "https://registry.npmjs.org/date-holidays/-/date-holidays-1.2.9.tgz",
			"integrity": "sha512-X6LE+/dvBHJIEQtErGXbQybgYuvxyCwpwo7mB24S/EpkUSdrneAjXif2IBZTYycZsvNZC7HATewsIttm73PcFA==",
			"requires": {
				"date-holidays-parser": "^1.2.2",
				"js-yaml": "^3.12.0",
				"lodash.omit": "^4.5.0",
				"lodash.pick": "^4.4.0",
				"prepin": "^1.0.1"
			}
		},
		"date-holidays-parser": {
			"version": "1.2.2",
			"resolved": "https://registry.npmjs.org/date-holidays-parser/-/date-holidays-parser-1.2.2.tgz",
			"integrity": "sha512-S3M4eWsfyGgu5iFsugK/vRILyUFE172CXv0hrIRVC0nHm3MopLgx1IapoHoQhS1pDEY0hrWeC31D4MeSfcSv3A==",
			"requires": {
				"astronomia": "^2.0.0",
				"caldate": "^1.0.2",
				"date-chinese": "^1.0.5",
				"date-easter": "^0.2.2",
				"lodash.get": "^4.4.2",
				"lodash.merge": "^4.6.1",
				"lodash.omit": "^4.5.0",
				"lodash.set": "^4.3.2",
				"moment-timezone": "^0.5.14"
			}
		},
		"define-properties": {
			"version": "1.1.3",
			"resolved": "https://registry.npmjs.org/define-properties/-/define-properties-1.1.3.tgz",
			"integrity": "sha512-3MqfYKj2lLzdMSf8ZIZE/V+Zuy+BgD6f164e8K2w7dgnpKArBDerGYpM46IYYcjnkdPNMjPk9A6VFB8+3SKlXQ==",
			"requires": {
				"object-keys": "^1.0.12"
			}
		},
		"diff": {
			"version": "3.5.0",
			"resolved": "https://registry.npmjs.org/diff/-/diff-3.5.0.tgz",
			"integrity": "sha512-A46qtFgd+g7pDZinpnwiRJtxbC1hpgf0uzP3iG89scHk0AUC7A1TGxf5OiiOUv/JMZR8GOt8hL900hV0bOy5xA=="
		},
		"esprima": {
			"version": "4.0.1",
			"resolved": "https://registry.npmjs.org/esprima/-/esprima-4.0.1.tgz",
			"integrity": "sha512-eGuFFw7Upda+g4p+QHvnW0RyTX/SVeJBDM/gCtMARO0cLuT2HcEKnTPvhjV6aGeqrCB/sbNop0Kszm0jsaWU4A=="
		},
		"has-flag": {
			"version": "3.0.0",
			"resolved": "https://registry.npmjs.org/has-flag/-/has-flag-3.0.0.tgz",
			"integrity": "sha1-tdRU3CGZriJWmfNGfloH87lVuv0="
		},
		"is-nan": {
			"version": "1.2.1",
			"resolved": "https://registry.npmjs.org/is-nan/-/is-nan-1.2.1.tgz",
			"integrity": "sha1-n69ltvttskt/XAYoR16nH5iEAeI=",
			"requires": {
				"define-properties": "^1.1.1"
			}
		},
		"isarray": {
			"version": "0.0.1",
			"resolved": "https://registry.npmjs.org/isarray/-/isarray-0.0.1.tgz",
			"integrity": "sha1-ihis/Kmo9Bd+Cav8YDiTmwXR7t8="
		},
		"js-yaml": {
			"version": "3.12.0",
			"resolved": "https://registry.npmjs.org/js-yaml/-/js-yaml-3.12.0.tgz",
			"integrity": "sha512-PIt2cnwmPfL4hKNwqeiuz4bKfnzHTBv6HyVgjahA6mPLwPDzjDWrplJBMjHUFxku/N3FlmrbyPclad+I+4mJ3A==",
			"requires": {
				"argparse": "^1.0.7",
				"esprima": "^4.0.0"
			}
		},
		"just-extend": {
			"version": "3.0.0",
			"resolved": "https://registry.npmjs.org/just-extend/-/just-extend-3.0.0.tgz",
			"integrity": "sha512-Fu3T6pKBuxjWT/p4DkqGHFRsysc8OauWr4ZRTY9dIx07Y9O0RkoR5jcv28aeD1vuAwhm3nLkDurwLXoALp4DpQ=="
		},
		"lodash": {
			"version": "4.17.11",
			"resolved": "https://registry.npmjs.org/lodash/-/lodash-4.17.11.tgz",
			"integrity": "sha512-cQKh8igo5QUhZ7lg38DYWAxMvjSAKG0A8wGSVimP07SIUEK2UO+arSRKbRZWtelMtN5V0Hkwh5ryOto/SshYIg=="
		},
		"lodash.get": {
			"version": "4.4.2",
			"resolved": "https://registry.npmjs.org/lodash.get/-/lodash.get-4.4.2.tgz",
			"integrity": "sha1-LRd/ZS+jHpObRDjVNBSZ36OCXpk="
		},
		"lodash.merge": {
			"version": "4.6.1",
			"resolved": "https://registry.npmjs.org/lodash.merge/-/lodash.merge-4.6.1.tgz",
			"integrity": "sha512-AOYza4+Hf5z1/0Hztxpm2/xiPZgi/cjMqdnKTUWTBSKchJlxXXuUSxCCl8rJlf4g6yww/j6mA8nC8Hw/EZWxKQ=="
		},
		"lodash.omit": {
			"version": "4.5.0",
			"resolved": "https://registry.npmjs.org/lodash.omit/-/lodash.omit-4.5.0.tgz",
			"integrity": "sha1-brGa5aHuHdnfC5aeZs4Lf6MLXmA="
		},
		"lodash.pick": {
			"version": "4.4.0",
			"resolved": "https://registry.npmjs.org/lodash.pick/-/lodash.pick-4.4.0.tgz",
			"integrity": "sha1-UvBWEP/53tQiYRRB7R/BI6AwAbM="
		},
		"lodash.set": {
			"version": "4.3.2",
			"resolved": "https://registry.npmjs.org/lodash.set/-/lodash.set-4.3.2.tgz",
			"integrity": "sha1-2HV7HagH3eJIFrDWqEvqGnYjCyM="
		},
		"lolex": {
			"version": "2.7.5",
			"resolved": "https://registry.npmjs.org/lolex/-/lolex-2.7.5.tgz",
			"integrity": "sha512-l9x0+1offnKKIzYVjyXU2SiwhXDLekRzKyhnbyldPHvC7BvLPVpdNUNR2KeMAiCN2D/kLNttZgQD5WjSxuBx3Q=="
		},
		"long-timeout": {
			"version": "0.1.1",
			"resolved": "https://registry.npmjs.org/long-timeout/-/long-timeout-0.1.1.tgz",
			"integrity": "sha1-lyHXiLR+C8taJMLivuGg2lXatRQ="
		},
		"moment": {
			"version": "2.22.2",
			"resolved": "https://registry.npmjs.org/moment/-/moment-2.22.2.tgz",
			"integrity": "sha1-PCV/mDn8DpP/UxSWMiOeuQeD/2Y="
		},
		"moment-timezone": {
			"version": "0.5.23",
			"resolved": "https://registry.npmjs.org/moment-timezone/-/moment-timezone-0.5.23.tgz",
			"integrity": "sha512-WHFH85DkCfiNMDX5D3X7hpNH3/PUhjTGcD0U1SgfBGZxJ3qUmJh5FdvaFjcClxOvB3rzdfj4oRffbI38jEnC1w==",
			"requires": {
				"moment": ">= 2.9.0"
			}
		},
		"nise": {
			"version": "1.4.6",
			"resolved": "https://registry.npmjs.org/nise/-/nise-1.4.6.tgz",
			"integrity": "sha512-1GedetLKzmqmgwabuMSqPsT7oumdR77SBpDfNNJhADRIeA3LN/2RVqR4fFqwvzhAqcTef6PPCzQwITE/YQ8S8A==",
			"requires": {
				"@sinonjs/formatio": "3.0.0",
				"just-extend": "^3.0.0",
				"lolex": "^2.3.2",
				"path-to-regexp": "^1.7.0",
				"text-encoding": "^0.6.4"
			},
			"dependencies": {
				"@sinonjs/formatio": {
					"version": "3.0.0",
					"resolved": "https://registry.npmjs.org/@sinonjs/formatio/-/formatio-3.0.0.tgz",
					"integrity": "sha512-vdjoYLDptCgvtJs57ULshak3iJe4NW3sJ3g36xVDGff5AE8P30S6A093EIEPjdi2noGhfuNOEkbxt3J3awFW1w==",
					"requires": {
						"@sinonjs/samsam": "2.1.0"
					}
				}
			}
		},
		"node-schedule": {
			"version": "1.3.1",
			"resolved": "https://registry.npmjs.org/node-schedule/-/node-schedule-1.3.1.tgz",
			"integrity": "sha512-cdNNePwKoisAi4DT00BB11H6IJ/WtA603YZ7+tLJcb/zCmCSxYKcvc+/GTyxC46jN/0ft7741vmMQrvxP8Sd+A==",
			"requires": {
				"cron-parser": "^2.7.3",
				"long-timeout": "0.1.1",
				"sorted-array-functions": "^1.0.0"
			}
		},
		"object-keys": {
			"version": "1.0.12",
			"resolved": "https://registry.npmjs.org/object-keys/-/object-keys-1.0.12.tgz",
			"integrity": "sha512-FTMyFUm2wBcGHnH2eXmz7tC6IwlqQZ6mVZ+6dm6vZ4IQIHjs6FdNsQBuKGPuUUUY6NfJw2PshC08Tn6LzLDOag=="
		},
		"path-to-regexp": {
			"version": "1.7.0",
			"resolved": "https://registry.npmjs.org/path-to-regexp/-/path-to-regexp-1.7.0.tgz",
			"integrity": "sha1-Wf3g9DW62suhA6hOnTvGTpa5k30=",
			"requires": {
				"isarray": "0.0.1"
			}
		},
		"prepin": {
			"version": "1.0.1",
			"resolved": "https://registry.npmjs.org/prepin/-/prepin-1.0.1.tgz",
			"integrity": "sha1-zUHgJ/1bTMKM5ZFjm7exTS9PBhg="
		},
		"samsam": {
			"version": "1.3.0",
			"resolved": "https://registry.npmjs.org/samsam/-/samsam-1.3.0.tgz",
			"integrity": "sha512-1HwIYD/8UlOtFS3QO3w7ey+SdSDFE4HRNLZoZRYVQefrOY3l17epswImeB1ijgJFQJodIaHcwkp3r/myBjFVbg=="
		},
		"sinon": {
			"version": "4.5.0",
			"resolved": "http://registry.npmjs.org/sinon/-/sinon-4.5.0.tgz",
			"integrity": "sha512-trdx+mB0VBBgoYucy6a9L7/jfQOmvGeaKZT4OOJ+lPAtI8623xyGr8wLiE4eojzBS8G9yXbhx42GHUOVLr4X2w==",
			"requires": {
				"@sinonjs/formatio": "^2.0.0",
				"diff": "^3.1.0",
				"lodash.get": "^4.4.2",
				"lolex": "^2.2.0",
				"nise": "^1.2.0",
				"supports-color": "^5.1.0",
				"type-detect": "^4.0.5"
			}
		},
		"sorted-array-functions": {
			"version": "1.2.0",
			"resolved": "https://registry.npmjs.org/sorted-array-functions/-/sorted-array-functions-1.2.0.tgz",
			"integrity": "sha512-sWpjPhIZJtqO77GN+LD8dDsDKcWZ9GCOJNqKzi1tvtjGIzwfoyuRH8S0psunmc6Z5P+qfDqztSbwYR5X/e1UTg=="
		},
		"sprintf-js": {
			"version": "1.0.3",
			"resolved": "https://registry.npmjs.org/sprintf-js/-/sprintf-js-1.0.3.tgz",
			"integrity": "sha1-BOaSb2YolTVPPdAVIDYzuFcpfiw="
		},
		"supports-color": {
			"version": "5.5.0",
			"resolved": "https://registry.npmjs.org/supports-color/-/supports-color-5.5.0.tgz",
			"integrity": "sha512-QjVjwdXIt408MIiAqCX4oUKsgU2EqAGzs2Ppkm4aQYbjm+ZEWEcW4SfFNTr4uMNZma0ey4f5lgLrkB0aX0QMow==",
			"requires": {
				"has-flag": "^3.0.0"
			}
		},
		"text-encoding": {
			"version": "0.6.4",
			"resolved": "http://registry.npmjs.org/text-encoding/-/text-encoding-0.6.4.tgz",
			"integrity": "sha1-45mpgiV6J22uQou5KEXLcb3CbRk="
		},
		"type-detect": {
			"version": "4.0.8",
			"resolved": "https://registry.npmjs.org/type-detect/-/type-detect-4.0.8.tgz",
			"integrity": "sha512-0fr/mIH1dlO+x7TlcMy+bIDqKPsw/70tVyeHW787goQjhmqaZe10uwLujubK9q9Lg6Fiho1KUKDYz0Z7k7g5/g=="
		}
	}
}
